PODS:
  - ILLoginKit (0.1.2):
    - Validator (~> 2.1.1)
  - Validator (2.1.1)

DEPENDENCIES:
  - ILLoginKit (from `../`)

EXTERNAL SOURCES:
  ILLoginKit:
    :path: ../

SPEC CHECKSUMS:
  ILLoginKit: 520202c283e4f0cc41b641e57916afd8595cd103
  Validator: b1793fbfd0046097551d0edd18e2c30792d69ef5

PODFILE CHECKSUM: d83d5e6c4d20b4dc92e9ed862d1f60d49dea32c8

COCOAPODS: 1.4.0
